
Microsoft Visual Studio Solution File, Format Version 12.00
# Visual Studio Version 16
VisualStudioVersion = 16.0.30114.105
MinimumVisualStudioVersion = 10.0.40219.1
Project("{FAE04EC0-301F-11D3-BF4B-00C04F79EFBC}") = "PLife", "PLife\PLife.csproj", "{7872D195-FA00-4E23-8019-2B1DA7F556C3}"
EndProject
Global
	GlobalSection(SolutionConfigurationPlatforms) = preSolution
		Debug|Any CPU = Debug|Any CPU
		Release|Any CPU = Release|Any CPU
	EndGlobalSection
	GlobalSection(ProjectConfigurationPlatforms) = postSolution
		{7872D195-FA00-4E23-8019-2B1DA7F556C3}.Debug|Any CPU.ActiveCfg = Debug|Any CPU
		{7872D195-FA00-4E23-8019-2B1DA7F556C3}.Debug|Any CPU.Build.0 = Debug|Any CPU
		{7872D195-FA00-4E23-8019-2B1DA7F556C3}.Release|Any CPU.ActiveCfg = Release|Any CPU
		{7872D195-FA00-4E23-8019-2B1DA7F556C3}.Release|Any CPU.Build.0 = Release|Any CPU
	EndGlobalSection
	GlobalSection(SolutionProperties) = preSolution
		HideSolutionNode = FALSE
	EndGlobalSection
	GlobalSection(ExtensibilityGlobals) = postSolution
		SolutionGuid = {123E7F9A-59BA-4D9E-88BA-B816C3DF8197}
	EndGlobalSection
EndGlobal
